
Microsoft Visual Studio Solution File, Format Version 12.00
# Visual Studio 2015
Project("{FAE04EC0-301F-11D3-BF4B-00C04F79EFBC}") = "Project-Tuggy-Boy.CSharp.Plugins", "Project-Tuggy-Boy.CSharp.Plugins.csproj", "{916E1B6C-AF7D-4234-9DBA-F94B2DAE8E6A}"
EndProject
Project("{FAE04EC0-301F-11D3-BF4B-00C04F79EFBC}") = "Project-Tuggy-Boy.CSharp", "Project-Tuggy-Boy.CSharp.csproj", "{363167F1-AF63-7FFE-52A1-E99F7BC36D07}"
EndProject
Project("{FAE04EC0-301F-11D3-BF4B-00C04F79EFBC}") = "Project-Tuggy-Boy.CSharp.Editor", "Project-Tuggy-Boy.CSharp.Editor.csproj", "{1AAC3362-3366-8622-4C20-E1EDF1C1638D}"
EndProject
Global
	GlobalSection(SolutionConfigurationPlatforms) = preSolution
		Debug|Any CPU = Debug|Any CPU
		Release|Any CPU = Release|Any CPU
	EndGlobalSection
	GlobalSection(ProjectConfigurationPlatforms) = postSolution
		{916E1B6C-AF7D-4234-9DBA-F94B2DAE8E6A}.Debug|Any CPU.ActiveCfg = Debug|Any CPU
		{916E1B6C-AF7D-4234-9DBA-F94B2DAE8E6A}.Debug|Any CPU.Build.0 = Debug|Any CPU
		{916E1B6C-AF7D-4234-9DBA-F94B2DAE8E6A}.Release|Any CPU.ActiveCfg = Release|Any CPU
		{916E1B6C-AF7D-4234-9DBA-F94B2DAE8E6A}.Release|Any CPU.Build.0 = Release|Any CPU
		{363167F1-AF63-7FFE-52A1-E99F7BC36D07}.Debug|Any CPU.ActiveCfg = Debug|Any CPU
		{363167F1-AF63-7FFE-52A1-E99F7BC36D07}.Debug|Any CPU.Build.0 = Debug|Any CPU
		{363167F1-AF63-7FFE-52A1-E99F7BC36D07}.Release|Any CPU.ActiveCfg = Release|Any CPU
		{363167F1-AF63-7FFE-52A1-E99F7BC36D07}.Release|Any CPU.Build.0 = Release|Any CPU
		{1AAC3362-3366-8622-4C20-E1EDF1C1638D}.Debug|Any CPU.ActiveCfg = Debug|Any CPU
		{1AAC3362-3366-8622-4C20-E1EDF1C1638D}.Debug|Any CPU.Build.0 = Debug|Any CPU
		{1AAC3362-3366-8622-4C20-E1EDF1C1638D}.Release|Any CPU.ActiveCfg = Release|Any CPU
		{1AAC3362-3366-8622-4C20-E1EDF1C1638D}.Release|Any CPU.Build.0 = Release|Any CPU
	EndGlobalSection
	GlobalSection(SolutionProperties) = preSolution
		HideSolutionNode = FALSE
	EndGlobalSection
EndGlobal
